
Microsoft Visual Studio Solution File, Format Version 12.00
# Visual Studio Version 16
VisualStudioVersion = 16.0.30225.117
MinimumVisualStudioVersion = 10.0.40219.1
Project("{FAE04EC0-301F-11D3-BF4B-00C04F79EFBC}") = "MSSA_MAP", "MSSA_MAP.csproj", "{2FEE8DFA-F760-44AF-92B2-9FB95EE797AB}"
EndProject
Global
	GlobalSection(SolutionConfigurationPlatforms) = preSolution
		Debug|Any CPU = Debug|Any CPU
		Release|Any CPU = Release|Any CPU
	EndGlobalSection
	GlobalSection(ProjectConfigurationPlatforms) = postSolution
		{2FEE8DFA-F760-44AF-92B2-9FB95EE797AB}.Debug|Any CPU.ActiveCfg = Debug|Any CPU
		{2FEE8DFA-F760-44AF-92B2-9FB95EE797AB}.Debug|Any CPU.Build.0 = Debug|Any CPU
		{2FEE8DFA-F760-44AF-92B2-9FB95EE797AB}.Release|Any CPU.ActiveCfg = Release|Any CPU
		{2FEE8DFA-F760-44AF-92B2-9FB95EE797AB}.Release|Any CPU.Build.0 = Release|Any CPU
	EndGlobalSection
	GlobalSection(SolutionProperties) = preSolution
		HideSolutionNode = FALSE
	EndGlobalSection
	GlobalSection(ExtensibilityGlobals) = postSolution
		SolutionGuid = {0E3FC86B-51C8-40CD-ABE9-2EEB4F3DE144}
	EndGlobalSection
EndGlobal
